// !$*UTF8*$!
{
	archiveVersion = 1;
	classes = {
	};
	objectVersion = 110;
	objects = {

/* Begin PBXContainerItemProxy section */
		736700713072A96E005E3B90 /* PBXContainerItemProxy */ = {
			isa = PBXContainerItemProxy;
			containerPortal = 736700593072A96D005E3B90 /* Project object */;
			proxyType = 1;
			remoteGlobalIDString = 736700603072A96D005E3B90;
			remoteInfo = Track;
		};
		7367007B3072A96E005E3B90 /* PBXContainerItemProxy */ = {
			isa = PBXContainerItemProxy;
			containerPortal = 736700593072A96D005E3B90 /* Project object */;
			proxyType = 1;
			remoteGlobalIDString = 736700603072A96D005E3B90;
			remoteInfo = Track;
		};
/* End PBXContainerItemProxy section */

/* Begin PBXFileReference section */
		736700613072A96D005E3B90 /* Track.app */ = {isa = PBXFileReference; explicitFileType = wrapper.application; includeInIndex = 0; path = Track.app; sourceTree = BUILT_PRODUCTS_DIR; };
		736700703072A96E005E3B90 /* TrackTests.xctest */ = {isa = PBXFileReference; explicitFileType = wrapper.cfbundle; includeInIndex = 0; path = TrackTests.xctest; sourceTree = BUILT_PRODUCTS_DIR; };
		7367007A3072A96E005E3B90 /* TrackUITests.xctest */ = {isa = PBXFileReference; explicitFileType = wrapper.cfbundle; includeInIndex = 0; path = TrackUITests.xctest; sourceTree = BUILT_PRODUCTS_DIR; };
/* End PBXFileReference section */

/* Begin PBXFileSystemSynchronizedRootGroup section */
		736700633072A96D005E3B90 /* Track */ = {
			isa = PBXFileSystemSynchronizedRootGroup;
			path = Track;
			sourceTree = "<group>";
		};
		736700733072A96E005E3B90 /* TrackTests */ = {
			isa = PBXFileSystemSynchronizedRootGroup;
			path = TrackTests;
			sourceTree = "<group>";
		};
		7367007D3072A96E005E3B90 /* TrackUITests */ = {
			isa = PBXFileSystemSynchronizedRootGroup;
			path = TrackUITests;
			sourceTree = "<group>";
		};
/* End PBXFileSystemSynchronizedRootGroup section */

/* Begin PBXFrameworksBuildPhase section */
		7367005E3072A96D005E3B90 /* Frameworks */ = {
			isa = PBXFrameworksBuildPhase;
			files = (
			);
		};
		7367006D3072A96E005E3B90 /* Frameworks */ = {
			isa = PBXFrameworksBuildPhase;
			files = (
			);
		};
		736700773072A96E005E3B90 /* Frameworks */ = {
			isa = PBXFrameworksBuildPhase;
			files = (
			);
		};
/* End PBXFrameworksBuildPhase section */

/* Begin PBXGroup section */
		736700583072A96D005E3B90 = {
			isa = PBXGroup;
			children = (
				736700633072A96D005E3B90 /* Track */,
				736700733072A96E005E3B90 /* TrackTests */,
				7367007D3072A96E005E3B90 /* TrackUITests */,
				736700623072A96D005E3B90 /* Products */,
			);
			sourceTree = "<group>";
		};
		736700623072A96D005E3B90 /* Products */ = {
			isa = PBXGroup;
			children = (
				736700613072A96D005E3B90 /* Track.app */,
				736700703072A96E005E3B90 /* TrackTests.xctest */,
				7367007A3072A96E005E3B90 /* TrackUITests.xctest */,
			);
			name = Products;
			sourceTree = "<group>";
		};
/* End PBXGroup section */

/* Begin PBXNativeTarget section */
		736700603072A96D005E3B90 /* Track */ = {
			isa = PBXNativeTarget;
			buildConfigurationList = 736700823072A96E005E3B90 /* Build configuration list for PBXNativeTarget "Track" */;
			buildPhases = (
				7367005D3072A96D005E3B90 /* Sources */,
				7367005E3072A96D005E3B90 /* Frameworks */,
				7367005F3072A96D005E3B90 /* Resources */,
			);
			buildRules = (
			);
			fileSystemSynchronizedGroups = (
				736700633072A96D005E3B90 /* Track */,
			);
			name = Track;
			productName = Track;
			productReference = 736700613072A96D005E3B90 /* Track.app */;
			productType = "com.apple.product-type.application";
		};
		7367006F3072A96E005E3B90 /* TrackTests */ = {
			isa = PBXNativeTarget;
			buildConfigurationList = 736700853072A96E005E3B90 /* Build configuration list for PBXNativeTarget "TrackTests" */;
			buildPhases = (
				7367006C3072A96E005E3B90 /* Sources */,
				7367006D3072A96E005E3B90 /* Frameworks */,
				7367006E3072A96E005E3B90 /* Resources */,
			);
			buildRules = (
			);
			dependencies = (
				736700723072A96E005E3B90 /* PBXTargetDependency */,
			);
			fileSystemSynchronizedGroups = (
				736700733072A96E005E3B90 /* TrackTests */,
			);
			name = TrackTests;
			productName = TrackTests;
			productReference = 736700703072A96E005E3B90 /* TrackTests.xctest */;
			productType = "com.apple.product-type.bundle.unit-test";
		};
		736700793072A96E005E3B90 /* TrackUITests */ = {
			isa = PBXNativeTarget;
			buildConfigurationList = 736700883072A96E005E3B90 /* Build configuration list for PBXNativeTarget "TrackUITests" */;
			buildPhases = (
				736700763072A96E005E3B90 /* Sources */,
				736700773072A96E005E3B90 /* Frameworks */,
				736700783072A96E005E3B90 /* Resources */,
			);
			buildRules = (
			);
			dependencies = (
				7367007C3072A96E005E3B90 /* PBXTargetDependency */,
			);
			fileSystemSynchronizedGroups = (
				7367007D3072A96E005E3B90 /* TrackUITests */,
			);
			name = TrackUITests;
			productName = TrackUITests;
			productReference = 7367007A3072A96E005E3B90 /* TrackUITests.xctest */;
			productType = "com.apple.product-type.bundle.ui-testing";
		};
/* End PBXNativeTarget section */

/* Begin PBXProject section */
		736700593072A96D005E3B90 /* Project object */ = {
			isa = PBXProject;
			attributes = {
				BuildIndependentTargetsInParallel = 1;
				LastSwiftUpdateCheck = 2700;
				LastUpgradeCheck = 2700;
				TargetAttributes = {
					736700603072A96D005E3B90 = {
						CreatedOnToolsVersion = 27.0;
					};
					7367006F3072A96E005E3B90 = {
						CreatedOnToolsVersion = 27.0;
						TestTargetID = 736700603072A96D005E3B90;
					};
					736700793072A96E005E3B90 = {
						CreatedOnToolsVersion = 27.0;
						TestTargetID = 736700603072A96D005E3B90;
					};
				};
			};
			buildConfigurationList = 7367005C3072A96D005E3B90 /* Build configuration list for PBXProject "Track" */;
			developmentRegion = en;
			hasScannedForEncodings = 0;
			knownRegions = (
				en,
				Base,
			);
			mainGroup = 736700583072A96D005E3B90;
			minimizedProjectReferenceProxies = 1;
			preferredProjectObjectVersion = 77;
			productRefGroup = 736700623072A96D005E3B90 /* Products */;
			projectDirPath = "";
			projectRoot = "";
			targets = (
				736700603072A96D005E3B90 /* Track */,
				7367006F3072A96E005E3B90 /* TrackTests */,
				736700793072A96E005E3B90 /* TrackUITests */,
			);
		};
/* End PBXProject section */

/* Begin PBXResourcesBuildPhase section */
		7367005F3072A96D005E3B90 /* Resources */ = {
			isa = PBXResourcesBuildPhase;
			files = (
			);
		};
		7367006E3072A96E005E3B90 /* Resources */ = {
			isa = PBXResourcesBuildPhase;
			files = (
			);
		};
		736700783072A96E005E3B90 /* Resources */ = {
			isa = PBXResourcesBuildPhase;
			files = (
			);
		};
/* End PBXResourcesBuildPhase section */

/* Begin PBXSourcesBuildPhase section */
		7367005D3072A96D005E3B90 /* Sources */ = {
			isa = PBXSourcesBuildPhase;
			files = (
			);
		};
		7367006C3072A96E005E3B90 /* Sources */ = {
			isa = PBXSourcesBuildPhase;
			files = (
			);
		};
		736700763072A96E005E3B90 /* Sources */ = {
			isa = PBXSourcesBuildPhase;
			files = (
			);
		};
/* End PBXSourcesBuildPhase section */

/* Begin PBXTargetDependency section */
		736700723072A96E005E3B90 /* PBXTargetDependency */ = {
			isa = PBXTargetDependency;
			target = 736700603072A96D005E3B90 /* Track */;
			targetProxy = 736700713072A96E005E3B90 /* PBXContainerItemProxy */;
		};
		7367007C3072A96E005E3B90 /* PBXTargetDependency */ = {
			isa = PBXTargetDependency;
			target = 736700603072A96D005E3B90 /* Track */;
			targetProxy = 7367007B3072A96E005E3B90 /* PBXContainerItemProxy */;
		};
/* End PBXTargetDependency section */

/* Begin XCBuildConfiguration section */
		736700803072A96E005E3B90 /* Debug configuration for PBXProject "Track" */ = {
			isa = XCBuildConfiguration;
			buildSettings = {
				ALWAYS_SEARCH_USER_PATHS = NO;
				ASSETCATALOG_COMPILER_GENERATE_SWIFT_ASSET_SYMBOL_EXTENSIONS = YES;
				CLANG_ANALYZER_NONNULL = YES;
				CLANG_ANALYZER_NUMBER_OBJECT_CONVERSION = YES_AGGRESSIVE;
				CLANG_CXX_LANGUAGE_STANDARD = "gnu++20";
				CLANG_ENABLE_MODULES = YES;
				CLANG_ENABLE_OBJC_ARC = YES;
				CLANG_ENABLE_OBJC_WEAK = YES;
				CLANG_WARN_BLOCK_CAPTURE_AUTORELEASING = YES;
				CLANG_WARN_BOOL_CONVERSION = YES;
				CLANG_WARN_COMMA = YES;
				CLANG_WARN_CONSTANT_CONVERSION = YES;
				CLANG_WARN_DEPRECATED_OBJC_IMPLEMENTATIONS = YES;
				CLANG_WARN_DIRECT_OBJC_ISA_USAGE = YES_ERROR;
				CLANG_WARN_DOCUMENTATION_COMMENTS = YES;
				CLANG_WARN_EMPTY_BODY = YES;
				CLANG_WARN_ENUM_CONVERSION = YES;
				CLANG_WARN_INFINITE_RECURSION = YES;
				CLANG_WARN_INT_CONVERSION = YES;
				CLANG_WARN_NON_LITERAL_NULL_CONVERSION = YES;
				CLANG_WARN_OBJC_IMPLICIT_RETAIN_SELF = YES;
				CLANG_WARN_OBJC_LITERAL_CONVERSION = YES;
				CLANG_WARN_OBJC_ROOT_CLASS = YES_ERROR;
				CLANG_WARN_QUOTED_INCLUDE_IN_FRAMEWORK_HEADER = YES;
				CLANG_WARN_RANGE_LOOP_ANALYSIS = YES;
				CLANG_WARN_STRICT_PROTOTYPES = YES;
				CLANG_WARN_SUSPICIOUS_MOVE = YES;
				CLANG_WARN_UNGUARDED_AVAILABILITY = YES_AGGRESSIVE;
				CLANG_WARN_UNREACHABLE_CODE = YES;
				CLANG_WARN__DUPLICATE_METHOD_MATCH = YES;
				COPY_PHASE_STRIP = NO;
				DEBUG_INFORMATION_FORMAT = dwarf;
				DEVELOPMENT_TEAM = 47ZJP39SQ9;
				ENABLE_STRICT_OBJC_MSGSEND = YES;
				ENABLE_TESTABILITY = YES;
				ENABLE_USER_SCRIPT_SANDBOXING = YES;
				GCC_C_LANGUAGE_STANDARD = gnu17;
				GCC_DYNAMIC_NO_PIC = NO;
				GCC_NO_COMMON_BLOCKS = YES;
				GCC_OPTIMIZATION_LEVEL = 0;
				GCC_PREPROCESSOR_DEFINITIONS = (
					"DEBUG=1",
					"$(inherited)",
				);
				GCC_WARN_64_TO_32_BIT_CONVERSION = YES;
				GCC_WARN_ABOUT_RETURN_TYPE = YES_ERROR;
				GCC_WARN_UNDECLARED_SELECTOR = YES;
				GCC_WARN_UNINITIALIZED_AUTOS = YES_AGGRESSIVE;
				GCC_WARN_UNUSED_FUNCTION = YES;
				GCC_WARN_UNUSED_VARIABLE = YES;
				IPHONEOS_DEPLOYMENT_TARGET = 27.0;
				LOCALIZATION_PREFERS_STRING_CATALOGS = YES;
				MTL_ENABLE_DEBUG_INFO = INCLUDE_SOURCE;
				MTL_FAST_MATH = YES;
				ONLY_ACTIVE_ARCH = YES;
				SDKROOT = iphoneos;
				SWIFT_ACTIVE_COMPILATION_CONDITIONS = "DEBUG $(inherited)";
				SWIFT_OPTIMIZATION_LEVEL = "-Onone";
			};
			name = Debug;
		};
		736700813072A96E005E3B90 /* Release configuration for PBXProject "Track" */ = {
			isa = XCBuildConfiguration;
			buildSettings = {
				ALWAYS_SEARCH_USER_PATHS = NO;
				ASSETCATALOG_COMPILER_GENERATE_SWIFT_ASSET_SYMBOL_EXTENSIONS = YES;
				CLANG_ANALYZER_NONNULL = YES;
				CLANG_ANALYZER_NUMBER_OBJECT_CONVERSION = YES_AGGRESSIVE;
				CLANG_CXX_LANGUAGE_STANDARD = "gnu++20";
				CLANG_ENABLE_MODULES = YES;
				CLANG_ENABLE_OBJC_ARC = YES;
				CLANG_ENABLE_OBJC_WEAK = YES;
				CLANG_WARN_BLOCK_CAPTURE_AUTORELEASING = YES;
				CLANG_WARN_BOOL_CONVERSION = YES;
				CLANG_WARN_COMMA = YES;
				CLANG_WARN_CONSTANT_CONVERSION = YES;
				CLANG_WARN_DEPRECATED_OBJC_IMPLEMENTATIONS = YES;
				CLANG_WARN_DIRECT_OBJC_ISA_USAGE = YES_ERROR;
				CLANG_WARN_DOCUMENTATION_COMMENTS = YES;
				CLANG_WARN_EMPTY_BODY = YES;
				CLANG_WARN_ENUM_CONVERSION = YES;
				CLANG_WARN_INFINITE_RECURSION = YES;
				CLANG_WARN_INT_CONVERSION = YES;
				CLANG_WARN_NON_LITERAL_NULL_CONVERSION = YES;
				CLANG_WARN_OBJC_IMPLICIT_RETAIN_SELF = YES;
				CLANG_WARN_OBJC_LITERAL_CONVERSION = YES;
				CLANG_WARN_OBJC_ROOT_CLASS = YES_ERROR;
				CLANG_WARN_QUOTED_INCLUDE_IN_FRAMEWORK_HEADER = YES;
				CLANG_WARN_RANGE_LOOP_ANALYSIS = YES;
				CLANG_WARN_STRICT_PROTOTYPES = YES;
				CLANG_WARN_SUSPICIOUS_MOVE = YES;
				CLANG_WARN_UNGUARDED_AVAILABILITY = YES_AGGRESSIVE;
				CLANG_WARN_UNREACHABLE_CODE = YES;
				CLANG_WARN__DUPLICATE_METHOD_MATCH = YES;
				COPY_PHASE_STRIP = NO;
				DEBUG_INFORMATION_FORMAT = "dwarf-with-dsym";
				DEVELOPMENT_TEAM = 47ZJP39SQ9;
				ENABLE_NS_ASSERTIONS = NO;
				ENABLE_STRICT_OBJC_MSGSEND = YES;
				ENABLE_USER_SCRIPT_SANDBOXING = YES;
				GCC_C_LANGUAGE_STANDARD = gnu17;
				GCC_NO_COMMON_BLOCKS = YES;
				GCC_WARN_64_TO_32_BIT_CONVERSION = YES;
				GCC_WARN_ABOUT_RETURN_TYPE = YES_ERROR;
				GCC_WARN_UNDECLARED_SELECTOR = YES;
				GCC_WARN_UNINITIALIZED_AUTOS = YES_AGGRESSIVE;
				GCC_WARN_UNUSED_FUNCTION = YES;
				GCC_WARN_UNUSED_VARIABLE = YES;
				IPHONEOS_DEPLOYMENT_TARGET = 27.0;
				LOCALIZATION_PREFERS_STRING_CATALOGS = YES;
				MTL_ENABLE_DEBUG_INFO = NO;
				MTL_FAST_MATH = YES;
				SDKROOT = iphoneos;
				SWIFT_COMPILATION_MODE = wholemodule;
				VALIDATE_PRODUCT = YES;
			};
			name = Release;
		};
		736700833072A96E005E3B90 /* Debug configuration for PBXNativeTarget "Track" */ = {
			isa = XCBuildConfiguration;
			buildSettings = {
				ASSETCATALOG_COMPILER_APPICON_NAME = AppIcon;
				ASSETCATALOG_COMPILER_GLOBAL_ACCENT_COLOR_NAME = AccentColor;
				CODE_SIGN_STYLE = Automatic;
				CURRENT_PROJECT_VERSION = 1;
				DEVELOPMENT_TEAM = 47ZJP39SQ9;
				ENABLE_PREVIEWS = YES;
				GENERATE_INFOPLIST_FILE = YES;
				INFOPLIST_KEY_UIApplicationSceneManifest_Generation = YES;
				INFOPLIST_KEY_UIApplicationSupportsIndirectInputEvents = YES;
				INFOPLIST_KEY_UILaunchScreen_Generation = YES;
				INFOPLIST_KEY_UISupportedInterfaceOrientations_iPad = "UIInterfaceOrientationPortrait UIInterfaceOrientationPortraitUpsideDown UIInterfaceOrientationLandscapeLeft UIInterfaceOrientationLandscapeRight";
				INFOPLIST_KEY_UISupportedInterfaceOrientations_iPhone = "UIInterfaceOrientationPortrait UIInterfaceOrientationLandscapeLeft UIInterfaceOrientationLandscapeRight";
				LD_RUNPATH_SEARCH_PATHS = (
					"$(inherited)",
					"@executable_path/Frameworks",
				);
				MARKETING_VERSION = 1.0;
				PRODUCT_BUNDLE_IDENTIFIER = hu.dncs.Track;
				PRODUCT_NAME = "$(TARGET_NAME)";
				STRING_CATALOG_GENERATE_SYMBOLS = YES;
				SWIFT_APPROACHABLE_CONCURRENCY = YES;
				SWIFT_DEFAULT_ACTOR_ISOLATION = MainActor;
				SWIFT_EMIT_LOC_STRINGS = YES;
				SWIFT_UPCOMING_FEATURE_MEMBER_IMPORT_VISIBILITY = YES;
				SWIFT_VERSION = 5.0;
				TARGETED_DEVICE_FAMILY = "1,2";
			};
			name = Debug;
		};
		736700843072A96E005E3B90 /* Release configuration for PBXNativeTarget "Track" */ = {
			isa = XCBuildConfiguration;
			buildSettings = {
				ASSETCATALOG_COMPILER_APPICON_NAME = AppIcon;
				ASSETCATALOG_COMPILER_GLOBAL_ACCENT_COLOR_NAME = AccentColor;
				CODE_SIGN_STYLE = Automatic;
				CURRENT_PROJECT_VERSION = 1;
				DEVELOPMENT_TEAM = 47ZJP39SQ9;
				ENABLE_PREVIEWS = YES;
				GENERATE_INFOPLIST_FILE = YES;
				INFOPLIST_KEY_UIApplicationSceneManifest_Generation = YES;
				INFOPLIST_KEY_UIApplicationSupportsIndirectInputEvents = YES;
				INFOPLIST_KEY_UILaunchScreen_Generation = YES;
				INFOPLIST_KEY_UISupportedInterfaceOrientations_iPad = "UIInterfaceOrientationPortrait UIInterfaceOrientationPortraitUpsideDown UIInterfaceOrientationLandscapeLeft UIInterfaceOrientationLandscapeRight";
				INFOPLIST_KEY_UISupportedInterfaceOrientations_iPhone = "UIInterfaceOrientationPortrait UIInterfaceOrientationLandscapeLeft UIInterfaceOrientationLandscapeRight";
				LD_RUNPATH_SEARCH_PATHS = (
					"$(inherited)",
					"@executable_path/Frameworks",
				);
				MARKETING_VERSION = 1.0;
				PRODUCT_BUNDLE_IDENTIFIER = hu.dncs.Track;
				PRODUCT_NAME = "$(TARGET_NAME)";
				STRING_CATALOG_GENERATE_SYMBOLS = YES;
				SWIFT_APPROACHABLE_CONCURRENCY = YES;
				SWIFT_DEFAULT_ACTOR_ISOLATION = MainActor;
				SWIFT_EMIT_LOC_STRINGS = YES;
				SWIFT_UPCOMING_FEATURE_MEMBER_IMPORT_VISIBILITY = YES;
				SWIFT_VERSION = 5.0;
				TARGETED_DEVICE_FAMILY = "1,2";
			};
			name = Release;
		};
		736700863072A96E005E3B90 /* Debug configuration for PBXNativeTarget "TrackTests" */ = {
			isa = XCBuildConfiguration;
			buildSettings = {
				BUNDLE_LOADER = "$(TEST_HOST)";
				CODE_SIGN_STYLE = Automatic;
				CURRENT_PROJECT_VERSION = 1;
				DEVELOPMENT_TEAM = 47ZJP39SQ9;
				GENERATE_INFOPLIST_FILE = YES;
				IPHONEOS_DEPLOYMENT_TARGET = 27.0;
				MARKETING_VERSION = 1.0;
				PRODUCT_BUNDLE_IDENTIFIER = hu.dncs.TrackTests;
				PRODUCT_NAME = "$(TARGET_NAME)";
				STRING_CATALOG_GENERATE_SYMBOLS = NO;
				SWIFT_APPROACHABLE_CONCURRENCY = YES;
				SWIFT_EMIT_LOC_STRINGS = NO;
				SWIFT_UPCOMING_FEATURE_MEMBER_IMPORT_VISIBILITY = YES;
				SWIFT_VERSION = 5.0;
				TARGETED_DEVICE_FAMILY = "1,2";
				TEST_HOST = "$(BUILT_PRODUCTS_DIR)/Track.app/$(BUNDLE_EXECUTABLE_FOLDER_PATH)/Track";
			};
			name = Debug;
		};
		736700873072A96E005E3B90 /* Release configuration for PBXNativeTarget "TrackTests" */ = {
			isa = XCBuildConfiguration;
			buildSettings = {
				BUNDLE_LOADER = "$(TEST_HOST)";
				CODE_SIGN_STYLE = Automatic;
				CURRENT_PROJECT_VERSION = 1;
				DEVELOPMENT_TEAM = 47ZJP39SQ9;
				GENERATE_INFOPLIST_FILE = YES;
				IPHONEOS_DEPLOYMENT_TARGET = 27.0;
				MARKETING_VERSION = 1.0;
				PRODUCT_BUNDLE_IDENTIFIER = hu.dncs.TrackTests;
				PRODUCT_NAME = "$(TARGET_NAME)";
				STRING_CATALOG_GENERATE_SYMBOLS = NO;
				SWIFT_APPROACHABLE_CONCURRENCY = YES;
				SWIFT_EMIT_LOC_STRINGS = NO;
				SWIFT_UPCOMING_FEATURE_MEMBER_IMPORT_VISIBILITY = YES;
				SWIFT_VERSION = 5.0;
				TARGETED_DEVICE_FAMILY = "1,2";
				TEST_HOST = "$(BUILT_PRODUCTS_DIR)/Track.app/$(BUNDLE_EXECUTABLE_FOLDER_PATH)/Track";
			};
			name = Release;
		};
		736700893072A96E005E3B90 /* Debug configuration for PBXNativeTarget "TrackUITests" */ = {
			isa = XCBuildConfiguration;
			buildSettings = {
				CODE_SIGN_STYLE = Automatic;
				CURRENT_PROJECT_VERSION = 1;
				DEVELOPMENT_TEAM = 47ZJP39SQ9;
				GENERATE_INFOPLIST_FILE = YES;
				MARKETING_VERSION = 1.0;
				PRODUCT_BUNDLE_IDENTIFIER = hu.dncs.TrackUITests;
				PRODUCT_NAME = "$(TARGET_NAME)";
				STRING_CATALOG_GENERATE_SYMBOLS = NO;
				SWIFT_APPROACHABLE_CONCURRENCY = YES;
				SWIFT_EMIT_LOC_STRINGS = NO;
				SWIFT_UPCOMING_FEATURE_MEMBER_IMPORT_VISIBILITY = YES;
				SWIFT_VERSION = 5.0;
				TARGETED_DEVICE_FAMILY = "1,2";
				TEST_TARGET_NAME = Track;
			};
			name = Debug;
		};
		7367008A3072A96E005E3B90 /* Release configuration for PBXNativeTarget "TrackUITests" */ = {
			isa = XCBuildConfiguration;
			buildSettings = {
				CODE_SIGN_STYLE = Automatic;
				CURRENT_PROJECT_VERSION = 1;
				DEVELOPMENT_TEAM = 47ZJP39SQ9;
				GENERATE_INFOPLIST_FILE = YES;
				MARKETING_VERSION = 1.0;
				PRODUCT_BUNDLE_IDENTIFIER = hu.dncs.TrackUITests;
				PRODUCT_NAME = "$(TARGET_NAME)";
				STRING_CATALOG_GENERATE_SYMBOLS = NO;
				SWIFT_APPROACHABLE_CONCURRENCY = YES;
				SWIFT_EMIT_LOC_STRINGS = NO;
				SWIFT_UPCOMING_FEATURE_MEMBER_IMPORT_VISIBILITY = YES;
				SWIFT_VERSION = 5.0;
				TARGETED_DEVICE_FAMILY = "1,2";
				TEST_TARGET_NAME = Track;
			};
			name = Release;
		};
/* End XCBuildConfiguration section */

/* Begin XCConfigurationList section */
		7367005C3072A96D005E3B90 /* Build configuration list for PBXProject "Track" */ = {
			isa = XCConfigurationList;
			buildConfigurations = (
				736700803072A96E005E3B90 /* Debug configuration for PBXProject "Track" */,
				736700813072A96E005E3B90 /* Release configuration for PBXProject "Track" */,
			);
			defaultConfigurationName = Release;
		};
		736700823072A96E005E3B90 /* Build configuration list for PBXNativeTarget "Track" */ = {
			isa = XCConfigurationList;
			buildConfigurations = (
				736700833072A96E005E3B90 /* Debug configuration for PBXNativeTarget "Track" */,
				736700843072A96E005E3B90 /* Release configuration for PBXNativeTarget "Track" */,
			);
			defaultConfigurationName = Release;
		};
		736700853072A96E005E3B90 /* Build configuration list for PBXNativeTarget "TrackTests" */ = {
			isa = XCConfigurationList;
			buildConfigurations = (
				736700863072A96E005E3B90 /* Debug configuration for PBXNativeTarget "TrackTests" */,
				736700873072A96E005E3B90 /* Release configuration for PBXNativeTarget "TrackTests" */,
			);
			defaultConfigurationName = Release;
		};
		736700883072A96E005E3B90 /* Build configuration list for PBXNativeTarget "TrackUITests" */ = {
			isa = XCConfigurationList;
			buildConfigurations = (
				736700893072A96E005E3B90 /* Debug configuration for PBXNativeTarget "TrackUITests" */,
				7367008A3072A96E005E3B90 /* Release configuration for PBXNativeTarget "TrackUITests" */,
			);
			defaultConfigurationName = Release;
		};
/* End XCConfigurationList section */
	};
	rootObject = 736700593072A96D005E3B90 /* Project object */;
	validationLevel = 1;
}
