// !$*UTF8*$!
{
	archiveVersion = 1;
	classes = {
	};
	objectVersion = 110;
	objects = {

/* Begin PBXContainerItemProxy section */
		73AE57333075995E00ABB69D /* PBXContainerItemProxy */ = {
			isa = PBXContainerItemProxy;
			containerPortal = 73AE571B3075995D00ABB69D /* Project object */;
			proxyType = 1;
			remoteGlobalIDString = 73AE57223075995D00ABB69D;
			remoteInfo = Tracker;
		};
		73AE573D3075995E00ABB69D /* PBXContainerItemProxy */ = {
			isa = PBXContainerItemProxy;
			containerPortal = 73AE571B3075995D00ABB69D /* Project object */;
			proxyType = 1;
			remoteGlobalIDString = 73AE57223075995D00ABB69D;
			remoteInfo = Tracker;
		};
/* End PBXContainerItemProxy section */

/* Begin PBXFileReference section */
		73AE57233075995D00ABB69D /* Tracker.app */ = {isa = PBXFileReference; explicitFileType = wrapper.application; includeInIndex = 0; path = Tracker.app; sourceTree = BUILT_PRODUCTS_DIR; };
		73AE57323075995E00ABB69D /* TrackerTests.xctest */ = {isa = PBXFileReference; explicitFileType = wrapper.cfbundle; includeInIndex = 0; path = TrackerTests.xctest; sourceTree = BUILT_PRODUCTS_DIR; };
		73AE573C3075995E00ABB69D /* TrackerUITests.xctest */ = {isa = PBXFileReference; explicitFileType = wrapper.cfbundle; includeInIndex = 0; path = TrackerUITests.xctest; sourceTree = BUILT_PRODUCTS_DIR; };
/* End PBXFileReference section */

/* Begin PBXFileSystemSynchronizedRootGroup section */
		73AE57253075995D00ABB69D /* Tracker */ = {
			isa = PBXFileSystemSynchronizedRootGroup;
			path = Tracker;
			sourceTree = "<group>";
		};
		73AE57353075995E00ABB69D /* TrackerTests */ = {
			isa = PBXFileSystemSynchronizedRootGroup;
			path = TrackerTests;
			sourceTree = "<group>";
		};
		73AE573F3075995E00ABB69D /* TrackerUITests */ = {
			isa = PBXFileSystemSynchronizedRootGroup;
			path = TrackerUITests;
			sourceTree = "<group>";
		};
/* End PBXFileSystemSynchronizedRootGroup section */

/* Begin PBXFrameworksBuildPhase section */
		73AE57203075995D00ABB69D /* Frameworks */ = {
			isa = PBXFrameworksBuildPhase;
			files = (
			);
		};
		73AE572F3075995E00ABB69D /* Frameworks */ = {
			isa = PBXFrameworksBuildPhase;
			files = (
			);
		};
		73AE57393075995E00ABB69D /* Frameworks */ = {
			isa = PBXFrameworksBuildPhase;
			files = (
			);
		};
/* End PBXFrameworksBuildPhase section */

/* Begin PBXGroup section */
		73AE571A3075995D00ABB69D = {
			isa = PBXGroup;
			children = (
				73AE57253075995D00ABB69D /* Tracker */,
				73AE57353075995E00ABB69D /* TrackerTests */,
				73AE573F3075995E00ABB69D /* TrackerUITests */,
				73AE57243075995D00ABB69D /* Products */,
			);
			sourceTree = "<group>";
		};
		73AE57243075995D00ABB69D /* Products */ = {
			isa = PBXGroup;
			children = (
				73AE57233075995D00ABB69D /* Tracker.app */,
				73AE57323075995E00ABB69D /* TrackerTests.xctest */,
				73AE573C3075995E00ABB69D /* TrackerUITests.xctest */,
			);
			name = Products;
			sourceTree = "<group>";
		};
/* End PBXGroup section */

/* Begin PBXNativeTarget section */
		73AE57223075995D00ABB69D /* Tracker */ = {
			isa = PBXNativeTarget;
			buildConfigurationList = 73AE57443075995E00ABB69D /* Build configuration list for PBXNativeTarget "Tracker" */;
			buildPhases = (
				73AE571F3075995D00ABB69D /* Sources */,
				73AE57203075995D00ABB69D /* Frameworks */,
				73AE57213075995D00ABB69D /* Resources */,
			);
			buildRules = (
			);
			fileSystemSynchronizedGroups = (
				73AE57253075995D00ABB69D /* Tracker */,
			);
			name = Tracker;
			productName = Tracker;
			productReference = 73AE57233075995D00ABB69D /* Tracker.app */;
			productType = "com.apple.product-type.application";
		};
		73AE57313075995E00ABB69D /* TrackerTests */ = {
			isa = PBXNativeTarget;
			buildConfigurationList = 73AE57473075995E00ABB69D /* Build configuration list for PBXNativeTarget "TrackerTests" */;
			buildPhases = (
				73AE572E3075995E00ABB69D /* Sources */,
				73AE572F3075995E00ABB69D /* Frameworks */,
				73AE57303075995E00ABB69D /* Resources */,
			);
			buildRules = (
			);
			dependencies = (
				73AE57343075995E00ABB69D /* PBXTargetDependency */,
			);
			fileSystemSynchronizedGroups = (
				73AE57353075995E00ABB69D /* TrackerTests */,
			);
			name = TrackerTests;
			productName = TrackerTests;
			productReference = 73AE57323075995E00ABB69D /* TrackerTests.xctest */;
			productType = "com.apple.product-type.bundle.unit-test";
		};
		73AE573B3075995E00ABB69D /* TrackerUITests */ = {
			isa = PBXNativeTarget;
			buildConfigurationList = 73AE574A3075995E00ABB69D /* Build configuration list for PBXNativeTarget "TrackerUITests" */;
			buildPhases = (
				73AE57383075995E00ABB69D /* Sources */,
				73AE57393075995E00ABB69D /* Frameworks */,
				73AE573A3075995E00ABB69D /* Resources */,
			);
			buildRules = (
			);
			dependencies = (
				73AE573E3075995E00ABB69D /* PBXTargetDependency */,
			);
			fileSystemSynchronizedGroups = (
				73AE573F3075995E00ABB69D /* TrackerUITests */,
			);
			name = TrackerUITests;
			productName = TrackerUITests;
			productReference = 73AE573C3075995E00ABB69D /* TrackerUITests.xctest */;
			productType = "com.apple.product-type.bundle.ui-testing";
		};
/* End PBXNativeTarget section */

/* Begin PBXProject section */
		73AE571B3075995D00ABB69D /* Project object */ = {
			isa = PBXProject;
			attributes = {
				BuildIndependentTargetsInParallel = 1;
				LastSwiftUpdateCheck = 2700;
				LastUpgradeCheck = 2700;
				TargetAttributes = {
					73AE57223075995D00ABB69D = {
						CreatedOnToolsVersion = 27.0;
					};
					73AE57313075995E00ABB69D = {
						CreatedOnToolsVersion = 27.0;
						TestTargetID = 73AE57223075995D00ABB69D;
					};
					73AE573B3075995E00ABB69D = {
						CreatedOnToolsVersion = 27.0;
						TestTargetID = 73AE57223075995D00ABB69D;
					};
				};
			};
			buildConfigurationList = 73AE571E3075995D00ABB69D /* Build configuration list for PBXProject "Tracker" */;
			developmentRegion = en;
			hasScannedForEncodings = 0;
			knownRegions = (
				en,
				hu,
				Base,
			);
			mainGroup = 73AE571A3075995D00ABB69D;
			minimizedProjectReferenceProxies = 1;
			preferredProjectObjectVersion = 77;
			productRefGroup = 73AE57243075995D00ABB69D /* Products */;
			projectDirPath = "";
			projectRoot = "";
			targets = (
				73AE57223075995D00ABB69D /* Tracker */,
				73AE57313075995E00ABB69D /* TrackerTests */,
				73AE573B3075995E00ABB69D /* TrackerUITests */,
			);
		};
/* End PBXProject section */

/* Begin PBXResourcesBuildPhase section */
		73AE57213075995D00ABB69D /* Resources */ = {
			isa = PBXResourcesBuildPhase;
			files = (
			);
		};
		73AE57303075995E00ABB69D /* Resources */ = {
			isa = PBXResourcesBuildPhase;
			files = (
			);
		};
		73AE573A3075995E00ABB69D /* Resources */ = {
			isa = PBXResourcesBuildPhase;
			files = (
			);
		};
/* End PBXResourcesBuildPhase section */

/* Begin PBXSourcesBuildPhase section */
		73AE571F3075995D00ABB69D /* Sources */ = {
			isa = PBXSourcesBuildPhase;
			files = (
			);
		};
		73AE572E3075995E00ABB69D /* Sources */ = {
			isa = PBXSourcesBuildPhase;
			files = (
			);
		};
		73AE57383075995E00ABB69D /* Sources */ = {
			isa = PBXSourcesBuildPhase;
			files = (
			);
		};
/* End PBXSourcesBuildPhase section */

/* Begin PBXTargetDependency section */
		73AE57343075995E00ABB69D /* PBXTargetDependency */ = {
			isa = PBXTargetDependency;
			target = 73AE57223075995D00ABB69D /* Tracker */;
			targetProxy = 73AE57333075995E00ABB69D /* PBXContainerItemProxy */;
		};
		73AE573E3075995E00ABB69D /* PBXTargetDependency */ = {
			isa = PBXTargetDependency;
			target = 73AE57223075995D00ABB69D /* Tracker */;
			targetProxy = 73AE573D3075995E00ABB69D /* PBXContainerItemProxy */;
		};
/* End PBXTargetDependency section */

/* Begin XCBuildConfiguration section */
		73AE57423075995E00ABB69D /* Debug configuration for PBXProject "Tracker" */ = {
			isa = XCBuildConfiguration;
			buildSettings = {
				ALWAYS_SEARCH_USER_PATHS = NO;
				ASSETCATALOG_COMPILER_GENERATE_SWIFT_ASSET_SYMBOL_EXTENSIONS = YES;
				CLANG_ANALYZER_NONNULL = YES;
				CLANG_ANALYZER_NUMBER_OBJECT_CONVERSION = YES_AGGRESSIVE;
				CLANG_CXX_LANGUAGE_STANDARD = "gnu++20";
				CLANG_ENABLE_MODULES = YES;
				CLANG_ENABLE_OBJC_ARC = YES;
				CLANG_ENABLE_OBJC_WEAK = YES;
				CLANG_WARN_BLOCK_CAPTURE_AUTORELEASING = YES;
				CLANG_WARN_BOOL_CONVERSION = YES;
				CLANG_WARN_COMMA = YES;
				CLANG_WARN_CONSTANT_CONVERSION = YES;
				CLANG_WARN_DEPRECATED_OBJC_IMPLEMENTATIONS = YES;
				CLANG_WARN_DIRECT_OBJC_ISA_USAGE = YES_ERROR;
				CLANG_WARN_DOCUMENTATION_COMMENTS = YES;
				CLANG_WARN_EMPTY_BODY = YES;
				CLANG_WARN_ENUM_CONVERSION = YES;
				CLANG_WARN_INFINITE_RECURSION = YES;
				CLANG_WARN_INT_CONVERSION = YES;
				CLANG_WARN_NON_LITERAL_NULL_CONVERSION = YES;
				CLANG_WARN_OBJC_IMPLICIT_RETAIN_SELF = YES;
				CLANG_WARN_OBJC_LITERAL_CONVERSION = YES;
				CLANG_WARN_OBJC_ROOT_CLASS = YES_ERROR;
				CLANG_WARN_QUOTED_INCLUDE_IN_FRAMEWORK_HEADER = YES;
				CLANG_WARN_RANGE_LOOP_ANALYSIS = YES;
				CLANG_WARN_STRICT_PROTOTYPES = YES;
				CLANG_WARN_SUSPICIOUS_MOVE = YES;
				CLANG_WARN_UNGUARDED_AVAILABILITY = YES_AGGRESSIVE;
				CLANG_WARN_UNREACHABLE_CODE = YES;
				CLANG_WARN__DUPLICATE_METHOD_MATCH = YES;
				COPY_PHASE_STRIP = NO;
				DEBUG_INFORMATION_FORMAT = dwarf;
				DEVELOPMENT_TEAM = 47ZJP39SQ9;
				ENABLE_STRICT_OBJC_MSGSEND = YES;
				ENABLE_TESTABILITY = YES;
				ENABLE_USER_SCRIPT_SANDBOXING = YES;
				GCC_C_LANGUAGE_STANDARD = gnu17;
				GCC_DYNAMIC_NO_PIC = NO;
				GCC_NO_COMMON_BLOCKS = YES;
				GCC_OPTIMIZATION_LEVEL = 0;
				GCC_PREPROCESSOR_DEFINITIONS = (
					"DEBUG=1",
					"$(inherited)",
				);
				GCC_WARN_64_TO_32_BIT_CONVERSION = YES;
				GCC_WARN_ABOUT_RETURN_TYPE = YES_ERROR;
				GCC_WARN_UNDECLARED_SELECTOR = YES;
				GCC_WARN_UNINITIALIZED_AUTOS = YES_AGGRESSIVE;
				GCC_WARN_UNUSED_FUNCTION = YES;
				GCC_WARN_UNUSED_VARIABLE = YES;
				IPHONEOS_DEPLOYMENT_TARGET = 27.0;
				LOCALIZATION_PREFERS_STRING_CATALOGS = YES;
				MTL_ENABLE_DEBUG_INFO = INCLUDE_SOURCE;
				MTL_FAST_MATH = YES;
				ONLY_ACTIVE_ARCH = YES;
				SDKROOT = iphoneos;
				SWIFT_ACTIVE_COMPILATION_CONDITIONS = "DEBUG $(inherited)";
				SWIFT_OPTIMIZATION_LEVEL = "-Onone";
			};
			name = Debug;
		};
		73AE57433075995E00ABB69D /* Release configuration for PBXProject "Tracker" */ = {
			isa = XCBuildConfiguration;
			buildSettings = {
				ALWAYS_SEARCH_USER_PATHS = NO;
				ASSETCATALOG_COMPILER_GENERATE_SWIFT_ASSET_SYMBOL_EXTENSIONS = YES;
				CLANG_ANALYZER_NONNULL = YES;
				CLANG_ANALYZER_NUMBER_OBJECT_CONVERSION = YES_AGGRESSIVE;
				CLANG_CXX_LANGUAGE_STANDARD = "gnu++20";
				CLANG_ENABLE_MODULES = YES;
				CLANG_ENABLE_OBJC_ARC = YES;
				CLANG_ENABLE_OBJC_WEAK = YES;
				CLANG_WARN_BLOCK_CAPTURE_AUTORELEASING = YES;
				CLANG_WARN_BOOL_CONVERSION = YES;
				CLANG_WARN_COMMA = YES;
				CLANG_WARN_CONSTANT_CONVERSION = YES;
				CLANG_WARN_DEPRECATED_OBJC_IMPLEMENTATIONS = YES;
				CLANG_WARN_DIRECT_OBJC_ISA_USAGE = YES_ERROR;
				CLANG_WARN_DOCUMENTATION_COMMENTS = YES;
				CLANG_WARN_EMPTY_BODY = YES;
				CLANG_WARN_ENUM_CONVERSION = YES;
				CLANG_WARN_INFINITE_RECURSION = YES;
				CLANG_WARN_INT_CONVERSION = YES;
				CLANG_WARN_NON_LITERAL_NULL_CONVERSION = YES;
				CLANG_WARN_OBJC_IMPLICIT_RETAIN_SELF = YES;
				CLANG_WARN_OBJC_LITERAL_CONVERSION = YES;
				CLANG_WARN_OBJC_ROOT_CLASS = YES_ERROR;
				CLANG_WARN_QUOTED_INCLUDE_IN_FRAMEWORK_HEADER = YES;
				CLANG_WARN_RANGE_LOOP_ANALYSIS = YES;
				CLANG_WARN_STRICT_PROTOTYPES = YES;
				CLANG_WARN_SUSPICIOUS_MOVE = YES;
				CLANG_WARN_UNGUARDED_AVAILABILITY = YES_AGGRESSIVE;
				CLANG_WARN_UNREACHABLE_CODE = YES;
				CLANG_WARN__DUPLICATE_METHOD_MATCH = YES;
				COPY_PHASE_STRIP = NO;
				DEBUG_INFORMATION_FORMAT = "dwarf-with-dsym";
				DEVELOPMENT_TEAM = 47ZJP39SQ9;
				ENABLE_NS_ASSERTIONS = NO;
				ENABLE_STRICT_OBJC_MSGSEND = YES;
				ENABLE_USER_SCRIPT_SANDBOXING = YES;
				GCC_C_LANGUAGE_STANDARD = gnu17;
				GCC_NO_COMMON_BLOCKS = YES;
				GCC_WARN_64_TO_32_BIT_CONVERSION = YES;
				GCC_WARN_ABOUT_RETURN_TYPE = YES_ERROR;
				GCC_WARN_UNDECLARED_SELECTOR = YES;
				GCC_WARN_UNINITIALIZED_AUTOS = YES_AGGRESSIVE;
				GCC_WARN_UNUSED_FUNCTION = YES;
				GCC_WARN_UNUSED_VARIABLE = YES;
				IPHONEOS_DEPLOYMENT_TARGET = 27.0;
				LOCALIZATION_PREFERS_STRING_CATALOGS = YES;
				MTL_ENABLE_DEBUG_INFO = NO;
				MTL_FAST_MATH = YES;
				SDKROOT = iphoneos;
				SWIFT_COMPILATION_MODE = wholemodule;
				VALIDATE_PRODUCT = YES;
			};
			name = Release;
		};
		73AE57453075995E00ABB69D /* Debug configuration for PBXNativeTarget "Tracker" */ = {
			isa = XCBuildConfiguration;
			buildSettings = {
				ASSETCATALOG_COMPILER_APPICON_NAME = AppIcon;
				ASSETCATALOG_COMPILER_GLOBAL_ACCENT_COLOR_NAME = AccentColor;
				CODE_SIGN_STYLE = Automatic;
				CURRENT_PROJECT_VERSION = 1;
				DEVELOPMENT_TEAM = 47ZJP39SQ9;
				ENABLE_PREVIEWS = YES;
				GENERATE_INFOPLIST_FILE = YES;
				INFOPLIST_FILE = "Configuration/Debug-Info.plist";
				INFOPLIST_KEY_UIApplicationSceneManifest_Generation = YES;
				INFOPLIST_KEY_UIApplicationSupportsIndirectInputEvents = YES;
				INFOPLIST_KEY_UILaunchScreen_Generation = YES;
				INFOPLIST_KEY_UISupportedInterfaceOrientations_iPad = "UIInterfaceOrientationPortrait UIInterfaceOrientationPortraitUpsideDown UIInterfaceOrientationLandscapeLeft UIInterfaceOrientationLandscapeRight";
				INFOPLIST_KEY_UISupportedInterfaceOrientations_iPhone = "UIInterfaceOrientationPortrait UIInterfaceOrientationLandscapeLeft UIInterfaceOrientationLandscapeRight";
				LD_RUNPATH_SEARCH_PATHS = (
					"$(inherited)",
					"@executable_path/Frameworks",
				);
				MARKETING_VERSION = 1.0;
				PRODUCT_BUNDLE_IDENTIFIER = hu.dncs.Tracker;
				PRODUCT_NAME = "$(TARGET_NAME)";
				STRING_CATALOG_GENERATE_SYMBOLS = YES;
				SWIFT_APPROACHABLE_CONCURRENCY = YES;
				SWIFT_DEFAULT_ACTOR_ISOLATION = MainActor;
				SWIFT_EMIT_LOC_STRINGS = YES;
				SWIFT_UPCOMING_FEATURE_MEMBER_IMPORT_VISIBILITY = YES;
				SWIFT_VERSION = 5.0;
				TARGETED_DEVICE_FAMILY = "1,2";
			};
			name = Debug;
		};
		73AE57463075995E00ABB69D /* Release configuration for PBXNativeTarget "Tracker" */ = {
			isa = XCBuildConfiguration;
			buildSettings = {
				ASSETCATALOG_COMPILER_APPICON_NAME = AppIcon;
				ASSETCATALOG_COMPILER_GLOBAL_ACCENT_COLOR_NAME = AccentColor;
				CODE_SIGN_STYLE = Automatic;
				CURRENT_PROJECT_VERSION = 1;
				DEVELOPMENT_TEAM = 47ZJP39SQ9;
				ENABLE_PREVIEWS = YES;
				GENERATE_INFOPLIST_FILE = YES;
				INFOPLIST_KEY_UIApplicationSceneManifest_Generation = YES;
				INFOPLIST_KEY_UIApplicationSupportsIndirectInputEvents = YES;
				INFOPLIST_KEY_UILaunchScreen_Generation = YES;
				INFOPLIST_KEY_UISupportedInterfaceOrientations_iPad = "UIInterfaceOrientationPortrait UIInterfaceOrientationPortraitUpsideDown UIInterfaceOrientationLandscapeLeft UIInterfaceOrientationLandscapeRight";
				INFOPLIST_KEY_UISupportedInterfaceOrientations_iPhone = "UIInterfaceOrientationPortrait UIInterfaceOrientationLandscapeLeft UIInterfaceOrientationLandscapeRight";
				LD_RUNPATH_SEARCH_PATHS = (
					"$(inherited)",
					"@executable_path/Frameworks",
				);
				MARKETING_VERSION = 1.0;
				PRODUCT_BUNDLE_IDENTIFIER = hu.dncs.Tracker;
				PRODUCT_NAME = "$(TARGET_NAME)";
				STRING_CATALOG_GENERATE_SYMBOLS = YES;
				SWIFT_APPROACHABLE_CONCURRENCY = YES;
				SWIFT_DEFAULT_ACTOR_ISOLATION = MainActor;
				SWIFT_EMIT_LOC_STRINGS = YES;
				SWIFT_UPCOMING_FEATURE_MEMBER_IMPORT_VISIBILITY = YES;
				SWIFT_VERSION = 5.0;
				TARGETED_DEVICE_FAMILY = "1,2";
			};
			name = Release;
		};
		73AE57483075995E00ABB69D /* Debug configuration for PBXNativeTarget "TrackerTests" */ = {
			isa = XCBuildConfiguration;
			buildSettings = {
				BUNDLE_LOADER = "$(TEST_HOST)";
				CODE_SIGN_STYLE = Automatic;
				CURRENT_PROJECT_VERSION = 1;
				DEVELOPMENT_TEAM = 47ZJP39SQ9;
				GENERATE_INFOPLIST_FILE = YES;
				IPHONEOS_DEPLOYMENT_TARGET = 27.0;
				MARKETING_VERSION = 1.0;
				PRODUCT_BUNDLE_IDENTIFIER = hu.dncs.TrackerTests;
				PRODUCT_NAME = "$(TARGET_NAME)";
				STRING_CATALOG_GENERATE_SYMBOLS = NO;
				SWIFT_APPROACHABLE_CONCURRENCY = YES;
				SWIFT_EMIT_LOC_STRINGS = NO;
				SWIFT_UPCOMING_FEATURE_MEMBER_IMPORT_VISIBILITY = YES;
				SWIFT_VERSION = 5.0;
				TARGETED_DEVICE_FAMILY = "1,2";
				TEST_HOST = "$(BUILT_PRODUCTS_DIR)/Tracker.app/$(BUNDLE_EXECUTABLE_FOLDER_PATH)/Tracker";
			};
			name = Debug;
		};
		73AE57493075995E00ABB69D /* Release configuration for PBXNativeTarget "TrackerTests" */ = {
			isa = XCBuildConfiguration;
			buildSettings = {
				BUNDLE_LOADER = "$(TEST_HOST)";
				CODE_SIGN_STYLE = Automatic;
				CURRENT_PROJECT_VERSION = 1;
				DEVELOPMENT_TEAM = 47ZJP39SQ9;
				GENERATE_INFOPLIST_FILE = YES;
				IPHONEOS_DEPLOYMENT_TARGET = 27.0;
				MARKETING_VERSION = 1.0;
				PRODUCT_BUNDLE_IDENTIFIER = hu.dncs.TrackerTests;
				PRODUCT_NAME = "$(TARGET_NAME)";
				STRING_CATALOG_GENERATE_SYMBOLS = NO;
				SWIFT_APPROACHABLE_CONCURRENCY = YES;
				SWIFT_EMIT_LOC_STRINGS = NO;
				SWIFT_UPCOMING_FEATURE_MEMBER_IMPORT_VISIBILITY = YES;
				SWIFT_VERSION = 5.0;
				TARGETED_DEVICE_FAMILY = "1,2";
				TEST_HOST = "$(BUILT_PRODUCTS_DIR)/Tracker.app/$(BUNDLE_EXECUTABLE_FOLDER_PATH)/Tracker";
			};
			name = Release;
		};
		73AE574B3075995E00ABB69D /* Debug configuration for PBXNativeTarget "TrackerUITests" */ = {
			isa = XCBuildConfiguration;
			buildSettings = {
				CODE_SIGN_STYLE = Automatic;
				CURRENT_PROJECT_VERSION = 1;
				DEVELOPMENT_TEAM = 47ZJP39SQ9;
				GENERATE_INFOPLIST_FILE = YES;
				MARKETING_VERSION = 1.0;
				PRODUCT_BUNDLE_IDENTIFIER = hu.dncs.TrackerUITests;
				PRODUCT_NAME = "$(TARGET_NAME)";
				STRING_CATALOG_GENERATE_SYMBOLS = NO;
				SWIFT_APPROACHABLE_CONCURRENCY = YES;
				SWIFT_EMIT_LOC_STRINGS = NO;
				SWIFT_UPCOMING_FEATURE_MEMBER_IMPORT_VISIBILITY = YES;
				SWIFT_VERSION = 5.0;
				TARGETED_DEVICE_FAMILY = "1,2";
				TEST_TARGET_NAME = Tracker;
			};
			name = Debug;
		};
		73AE574C3075995E00ABB69D /* Release configuration for PBXNativeTarget "TrackerUITests" */ = {
			isa = XCBuildConfiguration;
			buildSettings = {
				CODE_SIGN_STYLE = Automatic;
				CURRENT_PROJECT_VERSION = 1;
				DEVELOPMENT_TEAM = 47ZJP39SQ9;
				GENERATE_INFOPLIST_FILE = YES;
				MARKETING_VERSION = 1.0;
				PRODUCT_BUNDLE_IDENTIFIER = hu.dncs.TrackerUITests;
				PRODUCT_NAME = "$(TARGET_NAME)";
				STRING_CATALOG_GENERATE_SYMBOLS = NO;
				SWIFT_APPROACHABLE_CONCURRENCY = YES;
				SWIFT_EMIT_LOC_STRINGS = NO;
				SWIFT_UPCOMING_FEATURE_MEMBER_IMPORT_VISIBILITY = YES;
				SWIFT_VERSION = 5.0;
				TARGETED_DEVICE_FAMILY = "1,2";
				TEST_TARGET_NAME = Tracker;
			};
			name = Release;
		};
/* End XCBuildConfiguration section */

/* Begin XCConfigurationList section */
		73AE571E3075995D00ABB69D /* Build configuration list for PBXProject "Tracker" */ = {
			isa = XCConfigurationList;
			buildConfigurations = (
				73AE57423075995E00ABB69D /* Debug configuration for PBXProject "Tracker" */,
				73AE57433075995E00ABB69D /* Release configuration for PBXProject "Tracker" */,
			);
			defaultConfigurationName = Release;
		};
		73AE57443075995E00ABB69D /* Build configuration list for PBXNativeTarget "Tracker" */ = {
			isa = XCConfigurationList;
			buildConfigurations = (
				73AE57453075995E00ABB69D /* Debug configuration for PBXNativeTarget "Tracker" */,
				73AE57463075995E00ABB69D /* Release configuration for PBXNativeTarget "Tracker" */,
			);
			defaultConfigurationName = Release;
		};
		73AE57473075995E00ABB69D /* Build configuration list for PBXNativeTarget "TrackerTests" */ = {
			isa = XCConfigurationList;
			buildConfigurations = (
				73AE57483075995E00ABB69D /* Debug configuration for PBXNativeTarget "TrackerTests" */,
				73AE57493075995E00ABB69D /* Release configuration for PBXNativeTarget "TrackerTests" */,
			);
			defaultConfigurationName = Release;
		};
		73AE574A3075995E00ABB69D /* Build configuration list for PBXNativeTarget "TrackerUITests" */ = {
			isa = XCConfigurationList;
			buildConfigurations = (
				73AE574B3075995E00ABB69D /* Debug configuration for PBXNativeTarget "TrackerUITests" */,
				73AE574C3075995E00ABB69D /* Release configuration for PBXNativeTarget "TrackerUITests" */,
			);
			defaultConfigurationName = Release;
		};
/* End XCConfigurationList section */
	};
	rootObject = 73AE571B3075995D00ABB69D /* Project object */;
	validationLevel = 1;
}
